
Microsoft Visual Studio Solution File, Format Version 12.00
# Visual Studio Version 17
VisualStudioVersion = 17.6.33712.159
MinimumVisualStudioVersion = 10.0.40219.1
Project("{FAE04EC0-301F-11D3-BF4B-00C04F79EFBC}") = "BlazorWebAssembly.Server", "Server\BlazorWebAssembly.Server.csproj", "{5D0639F4-35F5-4070-BD81-E8F9994D58B3}"
EndProject
Project("{FAE04EC0-301F-11D3-BF4B-00C04F79EFBC}") = "BlazorWebAssembly.Client", "Client\BlazorWebAssembly.Client.csproj", "{DCBFC8DF-785B-41D0-B7CA-F5D36808875B}"
EndProject
Project("{FAE04EC0-301F-11D3-BF4B-00C04F79EFBC}") = "BlazorWebAssembly.Shared", "Shared\BlazorWebAssembly.Shared.csproj", "{2ABAA9E5-A116-4201-88F1-2A7832267CF0}"
EndProject
Global
	GlobalSection(SolutionConfigurationPlatforms) = preSolution
		Debug|Any CPU = Debug|Any CPU
		Release|Any CPU = Release|Any CPU
	EndGlobalSection
	GlobalSection(ProjectConfigurationPlatforms) = postSolution
		{5D0639F4-35F5-4070-BD81-E8F9994D58B3}.Debug|Any CPU.ActiveCfg = Debug|Any CPU
		{5D0639F4-35F5-4070-BD81-E8F9994D58B3}.Debug|Any CPU.Build.0 = Debug|Any CPU
		{5D0639F4-35F5-4070-BD81-E8F9994D58B3}.Release|Any CPU.ActiveCfg = Release|Any CPU
		{5D0639F4-35F5-4070-BD81-E8F9994D58B3}.Release|Any CPU.Build.0 = Release|Any CPU
		{DCBFC8DF-785B-41D0-B7CA-F5D36808875B}.Debug|Any CPU.ActiveCfg = Debug|Any CPU
		{DCBFC8DF-785B-41D0-B7CA-F5D36808875B}.Debug|Any CPU.Build.0 = Debug|Any CPU
		{DCBFC8DF-785B-41D0-B7CA-F5D36808875B}.Release|Any CPU.ActiveCfg = Release|Any CPU
		{DCBFC8DF-785B-41D0-B7CA-F5D36808875B}.Release|Any CPU.Build.0 = Release|Any CPU
		{2ABAA9E5-A116-4201-88F1-2A7832267CF0}.Debug|Any CPU.ActiveCfg = Debug|Any CPU
		{2ABAA9E5-A116-4201-88F1-2A7832267CF0}.Debug|Any CPU.Build.0 = Debug|Any CPU
		{2ABAA9E5-A116-4201-88F1-2A7832267CF0}.Release|Any CPU.ActiveCfg = Release|Any CPU
		{2ABAA9E5-A116-4201-88F1-2A7832267CF0}.Release|Any CPU.Build.0 = Release|Any CPU
	EndGlobalSection
	GlobalSection(SolutionProperties) = preSolution
		HideSolutionNode = FALSE
	EndGlobalSection
	GlobalSection(ExtensibilityGlobals) = postSolution
		SolutionGuid = {3A7969E9-E23D-46C4-9E4C-9191CEBEF8A4}
	EndGlobalSection
EndGlobal
